// !$*UTF8*$!
{
	archiveVersion = 1;
	classes = {
	};
	objectVersion = 46;
	objects = {

/* Begin PBXBuildFile section */
		84AF3BC51B861CC9007C6519 /* main.m in Sources */ = {isa = PBXBuildFile; fileRef = 84AF3BC41B861CC9007C6519 /* main.m */; };
		84AF3BC81B861CC9007C6519 /* AppDelegate.m in Sources */ = {isa = PBXBuildFile; fileRef = 84AF3BC71B861CC9007C6519 /* AppDelegate.m */; };
		84AF3BCB1B861CC9007C6519 /* ViewController.m in Sources */ = {isa = PBXBuildFile; fileRef = 84AF3BCA1B861CC9007C6519 /* ViewController.m */; };
		84AF3BCE1B861CC9007C6519 /* Main.storyboard in Resources */ = {isa = PBXBuildFile; fileRef = 84AF3BCC1B861CC9007C6519 /* Main.storyboard */; };
		84AF3BD01B861CC9007C6519 /* Images.xcassets in Resources */ = {isa = PBXBuildFile; fileRef = 84AF3BCF1B861CC9007C6519 /* Images.xcassets */; };
		84AF3BD31B861CC9007C6519 /* LaunchScreen.xib in Resources */ = {isa = PBXBuildFile; fileRef = 84AF3BD11B861CC9007C6519 /* LaunchScreen.xib */; };
		84AF3BDF1B861CC9007C6519 /* git_testTests.m in Sources */ = {isa = PBXBuildFile; fileRef = 84AF3BDE1B861CC9007C6519 /* git_testTests.m */; };
		84AF3BEA1B861F04007C6519 /* Test.m in Sources */ = {isa = PBXBuildFile; fileRef = 84AF3BE91B861F04007C6519 /* Test.m */; };
/* End PBXBuildFile section */

/* Begin PBXContainerItemProxy section */
		84AF3BD91B861CC9007C6519 /* PBXContainerItemProxy */ = {
			isa = PBXContainerItemProxy;
			containerPortal = 84AF3BB71B861CC8007C6519 /* Project object */;
			proxyType = 1;
			remoteGlobalIDString = 84AF3BBE1B861CC8007C6519;
			remoteInfo = "git test";
		};
/* End PBXContainerItemProxy section */

/* Begin PBXFileReference section */
		84AF3BBF1B861CC8007C6519 /* git test.app */ = {isa = PBXFileReference; explicitFileType = wrapper.application; includeInIndex = 0; path = "git test.app"; sourceTree = BUILT_PRODUCTS_DIR; };
		84AF3BC31B861CC9007C6519 /* Info.plist */ = {isa = PBXFileReference; lastKnownFileType = text.plist.xml; path = Info.plist; sourceTree = "<group>"; };
		84AF3BC41B861CC9007C6519 /* main.m */ = {isa = PBXFileReference; lastKnownFileType = sourcecode.c.objc; path = main.m; sourceTree = "<group>"; };
		84AF3BC61B861CC9007C6519 /* AppDelegate.h */ = {isa = PBXFileReference; lastKnownFileType = sourcecode.c.h; path = AppDelegate.h; sourceTree = "<group>"; };
		84AF3BC71B861CC9007C6519 /* AppDelegate.m */ = {isa = PBXFileReference; lastKnownFileType = sourcecode.c.objc; path = AppDelegate.m; sourceTree = "<group>"; };
		84AF3BC91B861CC9007C6519 /* ViewController.h */ = {isa = PBXFileReference; lastKnownFileType = sourcecode.c.h; path = ViewController.h; sourceTree = "<group>"; };
		84AF3BCA1B861CC9007C6519 /* ViewController.m */ = {isa = PBXFileReference; lastKnownFileType = sourcecode.c.objc; path = ViewController.m; sourceTree = "<group>"; };
		84AF3BCD1B861CC9007C6519 /* Base */ = {isa = PBXFileReference; lastKnownFileType = file.storyboard; name = Base; path = Base.lproj/Main.storyboard; sourceTree = "<group>"; };
		84AF3BCF1B861CC9007C6519 /* Images.xcassets */ = {isa = PBXFileReference; lastKnownFileType = folder.assetcatalog; path = Images.xcassets; sourceTree = "<group>"; };
		84AF3BD21B861CC9007C6519 /* Base */ = {isa = PBXFileReference; lastKnownFileType = file.xib; name = Base; path = Base.lproj/LaunchScreen.xib; sourceTree = "<group>"; };
		84AF3BD81B861CC9007C6519 /* git testTests.xctest */ = {isa = PBXFileReference; explicitFileType = wrapper.cfbundle; includeInIndex = 0; path = "git testTests.xctest"; sourceTree = BUILT_PRODUCTS_DIR; };
		84AF3BDD1B861CC9007C6519 /* Info.plist */ = {isa = PBXFileReference; lastKnownFileType = text.plist.xml; path = Info.plist; sourceTree = "<group>"; };
		84AF3BDE1B861CC9007C6519 /* git_testTests.m */ = {isa = PBXFileReference; lastKnownFileType = sourcecode.c.objc; path = git_testTests.m; sourceTree = "<group>"; };
		84AF3BE81B861F04007C6519 /* Test.h */ = {isa = PBXFileReference; fileEncoding = 4; lastKnownFileType = sourcecode.c.h; path = Test.h; sourceTree = "<group>"; };
		84AF3BE91B861F04007C6519 /* Test.m */ = {isa = PBXFileReference; fileEncoding = 4; lastKnownFileType = sourcecode.c.objc; path = Test.m; sourceTree = "<group>"; };
/* End PBXFileReference section */

/* Begin PBXFrameworksBuildPhase section */
		84AF3BBC1B861CC8007C6519 /* Frameworks */ = {
			isa = PBXFrameworksBuildPhase;
			buildActionMask = 2147483647;
			files = (
			);
			runOnlyForDeploymentPostprocessing = 0;
		};
		84AF3BD51B861CC9007C6519 /* Frameworks */ = {
			isa = PBXFrameworksBuildPhase;
			buildActionMask = 2147483647;
			files = (
			);
			runOnlyForDeploymentPostprocessing = 0;
		};
/* End PBXFrameworksBuildPhase section */

/* Begin PBXGroup section */
		84AF3BB61B861CC8007C6519 = {
			isa = PBXGroup;
			children = (
				84AF3BE81B861F04007C6519 /* Test.h */,
				84AF3BE91B861F04007C6519 /* Test.m */,
				84AF3BC11B861CC8007C6519 /* git test */,
				84AF3BDB1B861CC9007C6519 /* git testTests */,
				84AF3BC01B861CC8007C6519 /* Products */,
			);
			sourceTree = "<group>";
		};
		84AF3BC01B861CC8007C6519 /* Products */ = {
			isa = PBXGroup;
			children = (
				84AF3BBF1B861CC8007C6519 /* git test.app */,
				84AF3BD81B861CC9007C6519 /* git testTests.xctest */,
			);
			name = Products;
			sourceTree = "<group>";
		};
		84AF3BC11B861CC8007C6519 /* git test */ = {
			isa = PBXGroup;
			children = (
				84AF3BC61B861CC9007C6519 /* AppDelegate.h */,
				84AF3BC71B861CC9007C6519 /* AppDelegate.m */,
				84AF3BC91B861CC9007C6519 /* ViewController.h */,
				84AF3BCA1B861CC9007C6519 /* ViewController.m */,
				84AF3BCC1B861CC9007C6519 /* Main.storyboard */,
				84AF3BCF1B861CC9007C6519 /* Images.xcassets */,
				84AF3BD11B861CC9007C6519 /* LaunchScreen.xib */,
				84AF3BC21B861CC9007C6519 /* Supporting Files */,
			);
			path = "git test";
			sourceTree = "<group>";
		};
		84AF3BC21B861CC9007C6519 /* Supporting Files */ = {
			isa = PBXGroup;
			children = (
				84AF3BC31B861CC9007C6519 /* Info.plist */,
				84AF3BC41B861CC9007C6519 /* main.m */,
			);
			name = "Supporting Files";
			sourceTree = "<group>";
		};
		84AF3BDB1B861CC9007C6519 /* git testTests */ = {
			isa = PBXGroup;
			children = (
				84AF3BDE1B861CC9007C6519 /* git_testTests.m */,
				84AF3BDC1B861CC9007C6519 /* Supporting Files */,
			);
			path = "git testTests";
			sourceTree = "<group>";
		};
		84AF3BDC1B861CC9007C6519 /* Supporting Files */ = {
			isa = PBXGroup;
			children = (
				84AF3BDD1B861CC9007C6519 /* Info.plist */,
			);
			name = "Supporting Files";
			sourceTree = "<group>";
		};
/* End PBXGroup section */

/* Begin PBXNativeTarget section */
		84AF3BBE1B861CC8007C6519 /* git test */ = {
			isa = PBXNativeTarget;
			buildConfigurationList = 84AF3BE21B861CC9007C6519 /* Build configuration list for PBXNativeTarget "git test" */;
			buildPhases = (
				84AF3BBB1B861CC8007C6519 /* Sources */,
				84AF3BBC1B861CC8007C6519 /* Frameworks */,
				84AF3BBD1B861CC8007C6519 /* Resources */,
			);
			buildRules = (
			);
			dependencies = (
			);
			name = "git test";
			productName = "git test";
			productReference = 84AF3BBF1B861CC8007C6519 /* git test.app */;
			productType = "com.apple.product-type.application";
		};
		84AF3BD71B861CC9007C6519 /* git testTests */ = {
			isa = PBXNativeTarget;
			buildConfigurationList = 84AF3BE51B861CC9007C6519 /* Build configuration list for PBXNativeTarget "git testTests" */;
			buildPhases = (
				84AF3BD41B861CC9007C6519 /* Sources */,
				84AF3BD51B861CC9007C6519 /* Frameworks */,
				84AF3BD61B861CC9007C6519 /* Resources */,
			);
			buildRules = (
			);
			dependencies = (
				84AF3BDA1B861CC9007C6519 /* PBXTargetDependency */,
			);
			name = "git testTests";
			productName = "git testTests";
			productReference = 84AF3BD81B861CC9007C6519 /* git testTests.xctest */;
			productType = "com.apple.product-type.bundle.unit-test";
		};
/* End PBXNativeTarget section */

/* Begin PBXProject section */
		84AF3BB71B861CC8007C6519 /* Project object */ = {
			isa = PBXProject;
			attributes = {
				LastUpgradeCheck = 0640;
				ORGANIZATIONNAME = qtimer;
				TargetAttributes = {
					84AF3BBE1B861CC8007C6519 = {
						CreatedOnToolsVersion = 6.4;
					};
					84AF3BD71B861CC9007C6519 = {
						CreatedOnToolsVersion = 6.4;
						TestTargetID = 84AF3BBE1B861CC8007C6519;
					};
				};
			};
			buildConfigurationList = 84AF3BBA1B861CC8007C6519 /* Build configuration list for PBXProject "git test" */;
			compatibilityVersion = "Xcode 3.2";
			developmentRegion = English;
			hasScannedForEncodings = 0;
			knownRegions = (
				en,
				Base,
			);
			mainGroup = 84AF3BB61B861CC8007C6519;
			productRefGroup = 84AF3BC01B861CC8007C6519 /* Products */;
			projectDirPath = "";
			projectRoot = "";
			targets = (
				84AF3BBE1B861CC8007C6519 /* git test */,
				84AF3BD71B861CC9007C6519 /* git testTests */,
			);
		};
/* End PBXProject section */

/* Begin PBXResourcesBuildPhase section */
		84AF3BBD1B861CC8007C6519 /* Resources */ = {
			isa = PBXResourcesBuildPhase;
			buildActionMask = 2147483647;
			files = (
				84AF3BCE1B861CC9007C6519 /* Main.storyboard in Resources */,
				84AF3BD31B861CC9007C6519 /* LaunchScreen.xib in Resources */,
				84AF3BD01B861CC9007C6519 /* Images.xcassets in Resources */,
			);
			runOnlyForDeploymentPostprocessing = 0;
		};
		84AF3BD61B861CC9007C6519 /* Resources */ = {
			isa = PBXResourcesBuildPhase;
			buildActionMask = 2147483647;
			files = (
			);
			runOnlyForDeploymentPostprocessing = 0;
		};
/* End PBXResourcesBuildPhase section */

/* Begin PBXSourcesBuildPhase section */
		84AF3BBB1B861CC8007C6519 /* Sources */ = {
			isa = PBXSourcesBuildPhase;
			buildActionMask = 2147483647;
			files = (
				84AF3BCB1B861CC9007C6519 /* ViewController.m in Sources */,
				84AF3BEA1B861F04007C6519 /* Test.m in Sources */,
				84AF3BC81B861CC9007C6519 /* AppDelegate.m in Sources */,
				84AF3BC51B861CC9007C6519 /* main.m in Sources */,
			);
			runOnlyForDeploymentPostprocessing = 0;
		};
		84AF3BD41B861CC9007C6519 /* Sources */ = {
			isa = PBXSourcesBuildPhase;
			buildActionMask = 2147483647;
			files = (
				84AF3BDF1B861CC9007C6519 /* git_testTests.m in Sources */,
			);
			runOnlyForDeploymentPostprocessing = 0;
		};
/* End PBXSourcesBuildPhase section */

/* Begin PBXTargetDependency section */
		84AF3BDA1B861CC9007C6519 /* PBXTargetDependency */ = {
			isa = PBXTargetDependency;
			target = 84AF3BBE1B861CC8007C6519 /* git test */;
			targetProxy = 84AF3BD91B861CC9007C6519 /* PBXContainerItemProxy */;
		};
/* End PBXTargetDependency section */

/* Begin PBXVariantGroup section */
		84AF3BCC1B861CC9007C6519 /* Main.storyboard */ = {
			isa = PBXVariantGroup;
			children = (
				84AF3BCD1B861CC9007C6519 /* Base */,
			);
			name = Main.storyboard;
			sourceTree = "<group>";
		};
		84AF3BD11B861CC9007C6519 /* LaunchScreen.xib */ = {
			isa = PBXVariantGroup;
			children = (
				84AF3BD21B861CC9007C6519 /* Base */,
			);
			name = LaunchScreen.xib;
			sourceTree = "<group>";
		};
/* End PBXVariantGroup section */

/* Begin XCBuildConfiguration section */
		84AF3BE01B861CC9007C6519 /* Debug */ = {
			isa = XCBuildConfiguration;
			buildSettings = {
				ALWAYS_SEARCH_USER_PATHS = NO;
				CLANG_CXX_LANGUAGE_STANDARD = "gnu++0x";
				CLANG_CXX_LIBRARY = "libc++";
				CLANG_ENABLE_MODULES = YES;
				CLANG_ENABLE_OBJC_ARC = YES;
				CLANG_WARN_BOOL_CONVERSION = YES;
				CLANG_WARN_CONSTANT_CONVERSION = YES;
				CLANG_WARN_DIRECT_OBJC_ISA_USAGE = YES_ERROR;
				CLANG_WARN_EMPTY_BODY = YES;
				CLANG_WARN_ENUM_CONVERSION = YES;
				CLANG_WARN_INT_CONVERSION = YES;
				CLANG_WARN_OBJC_ROOT_CLASS = YES_ERROR;
				CLANG_WARN_UNREACHABLE_CODE = YES;
				CLANG_WARN__DUPLICATE_METHOD_MATCH = YES;
				"CODE_SIGN_IDENTITY[sdk=iphoneos*]" = "iPhone Developer";
				COPY_PHASE_STRIP = NO;
				DEBUG_INFORMATION_FORMAT = "dwarf-with-dsym";
				ENABLE_STRICT_OBJC_MSGSEND = YES;
				GCC_C_LANGUAGE_STANDARD = gnu99;
				GCC_DYNAMIC_NO_PIC = NO;
				GCC_NO_COMMON_BLOCKS = YES;
				GCC_OPTIMIZATION_LEVEL = 0;
				GCC_PREPROCESSOR_DEFINITIONS = (
					"DEBUG=1",
					"$(inherited)",
				);
				GCC_SYMBOLS_PRIVATE_EXTERN = NO;
				GCC_WARN_64_TO_32_BIT_CONVERSION = YES;
				GCC_WARN_ABOUT_RETURN_TYPE = YES_ERROR;
				GCC_WARN_UNDECLARED_SELECTOR = YES;
				GCC_WARN_UNINITIALIZED_AUTOS = YES_AGGRESSIVE;
				GCC_WARN_UNUSED_FUNCTION = YES;
				GCC_WARN_UNUSED_VARIABLE = YES;
				IPHONEOS_DEPLOYMENT_TARGET = 8.4;
				MTL_ENABLE_DEBUG_INFO = YES;
				ONLY_ACTIVE_ARCH = YES;
				SDKROOT = iphoneos;
			};
			name = Debug;
		};
		84AF3BE11B861CC9007C6519 /* Release */ = {
			isa = XCBuildConfiguration;
			buildSettings = {
				ALWAYS_SEARCH_USER_PATHS = NO;
				CLANG_CXX_LANGUAGE_STANDARD = "gnu++0x";
				CLANG_CXX_LIBRARY = "libc++";
				CLANG_ENABLE_MODULES = YES;
				CLANG_ENABLE_OBJC_ARC = YES;
				CLANG_WARN_BOOL_CONVERSION = YES;
				CLANG_WARN_CONSTANT_CONVERSION = YES;
				CLANG_WARN_DIRECT_OBJC_ISA_USAGE = YES_ERROR;
				CLANG_WARN_EMPTY_BODY = YES;
				CLANG_WARN_ENUM_CONVERSION = YES;
				CLANG_WARN_INT_CONVERSION = YES;
				CLANG_WARN_OBJC_ROOT_CLASS = YES_ERROR;
				CLANG_WARN_UNREACHABLE_CODE = YES;
				CLANG_WARN__DUPLICATE_METHOD_MATCH = YES;
				"CODE_SIGN_IDENTITY[sdk=iphoneos*]" = "iPhone Developer";
				COPY_PHASE_STRIP = NO;
				DEBUG_INFORMATION_FORMAT = "dwarf-with-dsym";
				ENABLE_NS_ASSERTIONS = NO;
				ENABLE_STRICT_OBJC_MSGSEND = YES;
				GCC_C_LANGUAGE_STANDARD = gnu99;
				GCC_NO_COMMON_BLOCKS = YES;
				GCC_WARN_64_TO_32_BIT_CONVERSION = YES;
				GCC_WARN_ABOUT_RETURN_TYPE = YES_ERROR;
				GCC_WARN_UNDECLARED_SELECTOR = YES;
				GCC_WARN_UNINITIALIZED_AUTOS = YES_AGGRESSIVE;
				GCC_WARN_UNUSED_FUNCTION = YES;
				GCC_WARN_UNUSED_VARIABLE = YES;
				IPHONEOS_DEPLOYMENT_TARGET = 8.4;
				MTL_ENABLE_DEBUG_INFO = NO;
				SDKROOT = iphoneos;
				VALIDATE_PRODUCT = YES;
			};
			name = Release;
		};
		84AF3BE31B861CC9007C6519 /* Debug */ = {
			isa = XCBuildConfiguration;
			buildSettings = {
				ASSETCATALOG_COMPILER_APPICON_NAME = AppIcon;
				INFOPLIST_FILE = "git test/Info.plist";
				LD_RUNPATH_SEARCH_PATHS = "$(inherited) @executable_path/Frameworks";
				PRODUCT_NAME = "$(TARGET_NAME)";
			};
			name = Debug;
		};
		84AF3BE41B861CC9007C6519 /* Release */ = {
			isa = XCBuildConfiguration;
			buildSettings = {
				ASSETCATALOG_COMPILER_APPICON_NAME = AppIcon;
				INFOPLIST_FILE = "git test/Info.plist";
				LD_RUNPATH_SEARCH_PATHS = "$(inherited) @executable_path/Frameworks";
				PRODUCT_NAME = "$(TARGET_NAME)";
			};
			name = Release;
		};
		84AF3BE61B861CC9007C6519 /* Debug */ = {
			isa = XCBuildConfiguration;
			buildSettings = {
				BUNDLE_LOADER = "$(TEST_HOST)";
				FRAMEWORK_SEARCH_PATHS = (
					"$(SDKROOT)/Developer/Library/Frameworks",
					"$(inherited)",
				);
				GCC_PREPROCESSOR_DEFINITIONS = (
					"DEBUG=1",
					"$(inherited)",
				);
				INFOPLIST_FILE = "git testTests/Info.plist";
				LD_RUNPATH_SEARCH_PATHS = "$(inherited) @executable_path/Frameworks @loader_path/Frameworks";
				PRODUCT_NAME = "$(TARGET_NAME)";
				TEST_HOST = "$(BUILT_PRODUCTS_DIR)/git test.app/git test";
			};
			name = Debug;
		};
		84AF3BE71B861CC9007C6519 /* Release */ = {
			isa = XCBuildConfiguration;
			buildSettings = {
				BUNDLE_LOADER = "$(TEST_HOST)";
				FRAMEWORK_SEARCH_PATHS = (
					"$(SDKROOT)/Developer/Library/Frameworks",
					"$(inherited)",
				);
				INFOPLIST_FILE = "git testTests/Info.plist";
				LD_RUNPATH_SEARCH_PATHS = "$(inherited) @executable_path/Frameworks @loader_path/Frameworks";
				PRODUCT_NAME = "$(TARGET_NAME)";
				TEST_HOST = "$(BUILT_PRODUCTS_DIR)/git test.app/git test";
			};
			name = Release;
		};
/* End XCBuildConfiguration section */

/* Begin XCConfigurationList section */
		84AF3BBA1B861CC8007C6519 /* Build configuration list for PBXProject "git test" */ = {
			isa = XCConfigurationList;
			buildConfigurations = (
				84AF3BE01B861CC9007C6519 /* Debug */,
				84AF3BE11B861CC9007C6519 /* Release */,
			);
			defaultConfigurationIsVisible = 0;
			defaultConfigurationName = Release;
		};
		84AF3BE21B861CC9007C6519 /* Build configuration list for PBXNativeTarget "git test" */ = {
			isa = XCConfigurationList;
			buildConfigurations = (
				84AF3BE31B861CC9007C6519 /* Debug */,
				84AF3BE41B861CC9007C6519 /* Release */,
			);
			defaultConfigurationIsVisible = 0;
		};
		84AF3BE51B861CC9007C6519 /* Build configuration list for PBXNativeTarget "git testTests" */ = {
			isa = XCConfigurationList;
			buildConfigurations = (
				84AF3BE61B861CC9007C6519 /* Debug */,
				84AF3BE71B861CC9007C6519 /* Release */,
			);
			defaultConfigurationIsVisible = 0;
		};
/* End XCConfigurationList section */
	};
	rootObject = 84AF3BB71B861CC8007C6519 /* Project object */;
}
